
Microsoft Visual Studio Solution File, Format Version 12.00
# Visual Studio Version 17
VisualStudioVersion = 17.12.35527.113 d17.12
MinimumVisualStudioVersion = 10.0.40219.1
Project("{FAE04EC0-301F-11D3-BF4B-00C04F79EFBC}") = "TestTaskMindbox", "TestTaskMindbox\TestTaskMindbox.csproj", "{696BDE61-5E69-41EC-8979-9395A721ABA2}"
EndProject
Project("{FAE04EC0-301F-11D3-BF4B-00C04F79EFBC}") = "GeometryLibrary", "GeometryLibrary\GeometryLibrary.csproj", "{5A8C2EF0-B142-46C4-80D7-34DCE152C28F}"
EndProject
Project("{FAE04EC0-301F-11D3-BF4B-00C04F79EFBC}") = "GeometryLibrary.Tests", "GeometryTests\GeometryLibrary.Tests.csproj", "{BFA867E2-EEE8-4D9C-A0D4-25CD16F9A914}"
EndProject
Global
	GlobalSection(SolutionConfigurationPlatforms) = preSolution
		Debug|Any CPU = Debug|Any CPU
		Release|Any CPU = Release|Any CPU
	EndGlobalSection
	GlobalSection(ProjectConfigurationPlatforms) = postSolution
		{696BDE61-5E69-41EC-8979-9395A721ABA2}.Debug|Any CPU.ActiveCfg = Debug|Any CPU
		{696BDE61-5E69-41EC-8979-9395A721ABA2}.Debug|Any CPU.Build.0 = Debug|Any CPU
		{696BDE61-5E69-41EC-8979-9395A721ABA2}.Release|Any CPU.ActiveCfg = Release|Any CPU
		{696BDE61-5E69-41EC-8979-9395A721ABA2}.Release|Any CPU.Build.0 = Release|Any CPU
		{5A8C2EF0-B142-46C4-80D7-34DCE152C28F}.Debug|Any CPU.ActiveCfg = Debug|Any CPU
		{5A8C2EF0-B142-46C4-80D7-34DCE152C28F}.Debug|Any CPU.Build.0 = Debug|Any CPU
		{5A8C2EF0-B142-46C4-80D7-34DCE152C28F}.Release|Any CPU.ActiveCfg = Release|Any CPU
		{5A8C2EF0-B142-46C4-80D7-34DCE152C28F}.Release|Any CPU.Build.0 = Release|Any CPU
		{BFA867E2-EEE8-4D9C-A0D4-25CD16F9A914}.Debug|Any CPU.ActiveCfg = Debug|Any CPU
		{BFA867E2-EEE8-4D9C-A0D4-25CD16F9A914}.Debug|Any CPU.Build.0 = Debug|Any CPU
		{BFA867E2-EEE8-4D9C-A0D4-25CD16F9A914}.Release|Any CPU.ActiveCfg = Release|Any CPU
		{BFA867E2-EEE8-4D9C-A0D4-25CD16F9A914}.Release|Any CPU.Build.0 = Release|Any CPU
	EndGlobalSection
	GlobalSection(SolutionProperties) = preSolution
		HideSolutionNode = FALSE
	EndGlobalSection
EndGlobal
